
Microsoft Visual Studio Solution File, Format Version 12.00
# Visual Studio 15
VisualStudioVersion = 15.0.28307.168
MinimumVisualStudioVersion = 10.0.40219.1
Project("{FAE04EC0-301F-11D3-BF4B-00C04F79EFBC}") = "SpecflowDotnetCoreSample", "SpecflowDotnetCoreSample\SpecflowDotnetCoreSample.csproj", "{70A2189C-17B6-473F-A8B4-62879A377644}"
EndProject
Global
	GlobalSection(SolutionConfigurationPlatforms) = preSolution
		Debug|Any CPU = Debug|Any CPU
		Release|Any CPU = Release|Any CPU
	EndGlobalSection
	GlobalSection(ProjectConfigurationPlatforms) = postSolution
		{70A2189C-17B6-473F-A8B4-62879A377644}.Debug|Any CPU.ActiveCfg = Debug|Any CPU
		{70A2189C-17B6-473F-A8B4-62879A377644}.Debug|Any CPU.Build.0 = Debug|Any CPU
		{70A2189C-17B6-473F-A8B4-62879A377644}.Release|Any CPU.ActiveCfg = Release|Any CPU
		{70A2189C-17B6-473F-A8B4-62879A377644}.Release|Any CPU.Build.0 = Release|Any CPU
	EndGlobalSection
	GlobalSection(SolutionProperties) = preSolution
		HideSolutionNode = FALSE
	EndGlobalSection
	GlobalSection(ExtensibilityGlobals) = postSolution
		SolutionGuid = {B1228C2D-74D7-411C-A906-19183B1AA118}
	EndGlobalSection
EndGlobal
